
Microsoft Visual Studio Solution File, Format Version 12.00
# Visual Studio 2013
VisualStudioVersion = 12.0.30110.0
MinimumVisualStudioVersion = 10.0.40219.1
Project("{FAE04EC0-301F-11D3-BF4B-00C04F79EFBC}") = "MovieMiner.Console", "MovieMiner\MovieMiner.Console.csproj", "{E447EE94-F49E-4C45-B5C7-66D29BDE0E66}"
EndProject
Project("{FAE04EC0-301F-11D3-BF4B-00C04F79EFBC}") = "MovieMiner.Interfaces", "MovieMiner.Interfaces\MovieMiner.Interfaces.csproj", "{DC0C2409-1FE3-4F06-A094-7C0EF8BECAE7}"
EndProject
Project("{FAE04EC0-301F-11D3-BF4B-00C04F79EFBC}") = "MovieMiner.AWSAccess", "MovieMiner.AWSAccess\MovieMiner.AWSAccess.csproj", "{53971ACA-8D89-4A32-B523-BA7284862CD3}"
EndProject
Project("{FAE04EC0-301F-11D3-BF4B-00C04F79EFBC}") = "MovieMiner.LocalAccess", "MovieMiner.LocalAccess\MovieMiner.LocalAccess.csproj", "{793312AE-E165-4A4A-8945-28BA3B1F34A0}"
EndProject
Global
	GlobalSection(SolutionConfigurationPlatforms) = preSolution
		Debug|Any CPU = Debug|Any CPU
		Release|Any CPU = Release|Any CPU
	EndGlobalSection
	GlobalSection(ProjectConfigurationPlatforms) = postSolution
		{E447EE94-F49E-4C45-B5C7-66D29BDE0E66}.Debug|Any CPU.ActiveCfg = Debug|Any CPU
		{E447EE94-F49E-4C45-B5C7-66D29BDE0E66}.Debug|Any CPU.Build.0 = Debug|Any CPU
		{E447EE94-F49E-4C45-B5C7-66D29BDE0E66}.Release|Any CPU.ActiveCfg = Release|Any CPU
		{E447EE94-F49E-4C45-B5C7-66D29BDE0E66}.Release|Any CPU.Build.0 = Release|Any CPU
		{DC0C2409-1FE3-4F06-A094-7C0EF8BECAE7}.Debug|Any CPU.ActiveCfg = Debug|Any CPU
		{DC0C2409-1FE3-4F06-A094-7C0EF8BECAE7}.Debug|Any CPU.Build.0 = Debug|Any CPU
		{DC0C2409-1FE3-4F06-A094-7C0EF8BECAE7}.Release|Any CPU.ActiveCfg = Release|Any CPU
		{DC0C2409-1FE3-4F06-A094-7C0EF8BECAE7}.Release|Any CPU.Build.0 = Release|Any CPU
		{53971ACA-8D89-4A32-B523-BA7284862CD3}.Debug|Any CPU.ActiveCfg = Debug|Any CPU
		{53971ACA-8D89-4A32-B523-BA7284862CD3}.Debug|Any CPU.Build.0 = Debug|Any CPU
		{53971ACA-8D89-4A32-B523-BA7284862CD3}.Release|Any CPU.ActiveCfg = Release|Any CPU
		{53971ACA-8D89-4A32-B523-BA7284862CD3}.Release|Any CPU.Build.0 = Release|Any CPU
		{793312AE-E165-4A4A-8945-28BA3B1F34A0}.Debug|Any CPU.ActiveCfg = Debug|Any CPU
		{793312AE-E165-4A4A-8945-28BA3B1F34A0}.Debug|Any CPU.Build.0 = Debug|Any CPU
		{793312AE-E165-4A4A-8945-28BA3B1F34A0}.Release|Any CPU.ActiveCfg = Release|Any CPU
		{793312AE-E165-4A4A-8945-28BA3B1F34A0}.Release|Any CPU.Build.0 = Release|Any CPU
	EndGlobalSection
	GlobalSection(SolutionProperties) = preSolution
		HideSolutionNode = FALSE
	EndGlobalSection
EndGlobal
